
Microsoft Visual Studio Solution File, Format Version 12.00
# Visual Studio Version 17
VisualStudioVersion = 17.14.36414.22
MinimumVisualStudioVersion = 10.0.40219.1
Project("{FAE04EC0-301F-11D3-BF4B-00C04F79EFBC}") = "client_lourd_lyonpalme", "client_lourd_lyonpalme.csproj", "{F51C8851-99C6-4877-BFC5-C59F7AA133A3}"
EndProject
Global
	GlobalSection(SolutionConfigurationPlatforms) = preSolution
		Debug|Any CPU = Debug|Any CPU
		Release|Any CPU = Release|Any CPU
	EndGlobalSection
	GlobalSection(ProjectConfigurationPlatforms) = postSolution
		{F51C8851-99C6-4877-BFC5-C59F7AA133A3}.Debug|Any CPU.ActiveCfg = Release|Any CPU
		{F51C8851-99C6-4877-BFC5-C59F7AA133A3}.Debug|Any CPU.Build.0 = Release|Any CPU
		{F51C8851-99C6-4877-BFC5-C59F7AA133A3}.Release|Any CPU.ActiveCfg = Release|Any CPU
		{F51C8851-99C6-4877-BFC5-C59F7AA133A3}.Release|Any CPU.Build.0 = Release|Any CPU
	EndGlobalSection
	GlobalSection(SolutionProperties) = preSolution
		HideSolutionNode = FALSE
	EndGlobalSection
	GlobalSection(ExtensibilityGlobals) = postSolution
		SolutionGuid = {EEDA0E97-1CFE-41C0-94FE-45E8054CBBF8}
	EndGlobalSection
EndGlobal
